
Microsoft Visual Studio Solution File, Format Version 12.00
# Visual Studio 14
VisualStudioVersion = 14.0.25420.1
MinimumVisualStudioVersion = 10.0.40219.1
Project("{FAE04EC0-301F-11D3-BF4B-00C04F79EFBC}") = "Strategy", "Strategy\Strategy.csproj", "{EC77BE95-A163-448B-859F-5BE5E011D5EF}"
EndProject
Project("{FAE04EC0-301F-11D3-BF4B-00C04F79EFBC}") = "Observer", "Observer\Observer.csproj", "{07DF8AD9-2EA9-4191-A98B-8A96FE5F2042}"
EndProject
Project("{FAE04EC0-301F-11D3-BF4B-00C04F79EFBC}") = "Decorator", "Decorator\Decorator.csproj", "{8E64C650-9ACB-4990-B2D7-CD046A81882C}"
EndProject
Project("{FAE04EC0-301F-11D3-BF4B-00C04F79EFBC}") = "Singleton", "Singleton\Singleton.csproj", "{FD33115C-D518-4EE2-A5B9-B6A2D99D1AF1}"
EndProject
Project("{FAE04EC0-301F-11D3-BF4B-00C04F79EFBC}") = "State", "State\State.csproj", "{BD10AF1E-82D8-499F-95C2-5F7730FCD676}"
EndProject
Project("{FAE04EC0-301F-11D3-BF4B-00C04F79EFBC}") = "Iterator", "Iterator\Iterator.csproj", "{342F0A0A-5B0E-460E-98A0-A821A34DBB8B}"
EndProject
Global
	GlobalSection(SolutionConfigurationPlatforms) = preSolution
		Debug|Any CPU = Debug|Any CPU
		Release|Any CPU = Release|Any CPU
	EndGlobalSection
	GlobalSection(ProjectConfigurationPlatforms) = postSolution
		{EC77BE95-A163-448B-859F-5BE5E011D5EF}.Debug|Any CPU.ActiveCfg = Debug|Any CPU
		{EC77BE95-A163-448B-859F-5BE5E011D5EF}.Debug|Any CPU.Build.0 = Debug|Any CPU
		{EC77BE95-A163-448B-859F-5BE5E011D5EF}.Release|Any CPU.ActiveCfg = Release|Any CPU
		{EC77BE95-A163-448B-859F-5BE5E011D5EF}.Release|Any CPU.Build.0 = Release|Any CPU
		{07DF8AD9-2EA9-4191-A98B-8A96FE5F2042}.Debug|Any CPU.ActiveCfg = Debug|Any CPU
		{07DF8AD9-2EA9-4191-A98B-8A96FE5F2042}.Debug|Any CPU.Build.0 = Debug|Any CPU
		{07DF8AD9-2EA9-4191-A98B-8A96FE5F2042}.Release|Any CPU.ActiveCfg = Release|Any CPU
		{07DF8AD9-2EA9-4191-A98B-8A96FE5F2042}.Release|Any CPU.Build.0 = Release|Any CPU
		{8E64C650-9ACB-4990-B2D7-CD046A81882C}.Debug|Any CPU.ActiveCfg = Debug|Any CPU
		{8E64C650-9ACB-4990-B2D7-CD046A81882C}.Debug|Any CPU.Build.0 = Debug|Any CPU
		{8E64C650-9ACB-4990-B2D7-CD046A81882C}.Release|Any CPU.ActiveCfg = Release|Any CPU
		{8E64C650-9ACB-4990-B2D7-CD046A81882C}.Release|Any CPU.Build.0 = Release|Any CPU
		{FD33115C-D518-4EE2-A5B9-B6A2D99D1AF1}.Debug|Any CPU.ActiveCfg = Debug|Any CPU
		{FD33115C-D518-4EE2-A5B9-B6A2D99D1AF1}.Debug|Any CPU.Build.0 = Debug|Any CPU
		{FD33115C-D518-4EE2-A5B9-B6A2D99D1AF1}.Release|Any CPU.ActiveCfg = Release|Any CPU
		{FD33115C-D518-4EE2-A5B9-B6A2D99D1AF1}.Release|Any CPU.Build.0 = Release|Any CPU
		{BD10AF1E-82D8-499F-95C2-5F7730FCD676}.Debug|Any CPU.ActiveCfg = Debug|Any CPU
		{BD10AF1E-82D8-499F-95C2-5F7730FCD676}.Debug|Any CPU.Build.0 = Debug|Any CPU
		{BD10AF1E-82D8-499F-95C2-5F7730FCD676}.Release|Any CPU.ActiveCfg = Release|Any CPU
		{BD10AF1E-82D8-499F-95C2-5F7730FCD676}.Release|Any CPU.Build.0 = Release|Any CPU
		{342F0A0A-5B0E-460E-98A0-A821A34DBB8B}.Debug|Any CPU.ActiveCfg = Debug|Any CPU
		{342F0A0A-5B0E-460E-98A0-A821A34DBB8B}.Debug|Any CPU.Build.0 = Debug|Any CPU
		{342F0A0A-5B0E-460E-98A0-A821A34DBB8B}.Release|Any CPU.ActiveCfg = Release|Any CPU
		{342F0A0A-5B0E-460E-98A0-A821A34DBB8B}.Release|Any CPU.Build.0 = Release|Any CPU
	EndGlobalSection
	GlobalSection(SolutionProperties) = preSolution
		HideSolutionNode = FALSE
	EndGlobalSection
EndGlobal
